// !$*UTF8*$!
{
	archiveVersion = 1;
	classes = {
	};
	objectVersion = 52;
	objects = {

/* Begin PBXBuildFile section */
		CA2998E72604024800A2748C /* .gitignore in Resources */ = {isa = PBXBuildFile; fileRef = CA2998E62604024800A2748C /* .gitignore */; };
		CA2998ED2604037300A2748C /* .swiftlint.yml in Resources */ = {isa = PBXBuildFile; fileRef = CA2998EC2604037300A2748C /* .swiftlint.yml */; };
		CA2998F22604044400A2748C /* README.md in Resources */ = {isa = PBXBuildFile; fileRef = CA2998F12604044400A2748C /* README.md */; };
		CA6B56A826217A5B00BEE52E /* AppDelegate+Injection.swift in Sources */ = {isa = PBXBuildFile; fileRef = CA6B56A726217A5B00BEE52E /* AppDelegate+Injection.swift */; };
		CA6B56BE26217DC000BEE52E /* Core+Injection.swift in Sources */ = {isa = PBXBuildFile; fileRef = CA6B56BD26217DC000BEE52E /* Core+Injection.swift */; };
		CA6B56C7262181D900BEE52E /* Root+Injection.swift in Sources */ = {isa = PBXBuildFile; fileRef = CA6B56C6262181D900BEE52E /* Root+Injection.swift */; };
		CA6B56CB262186E200BEE52E /* Colors.xcassets in Resources */ = {isa = PBXBuildFile; fileRef = CA6B56CA262186E200BEE52E /* Colors.xcassets */; };
		CA6B56D926218BA500BEE52E /* HomeViewModel.swift in Sources */ = {isa = PBXBuildFile; fileRef = CA6B56D826218BA500BEE52E /* HomeViewModel.swift */; };
		CA6B56E126218BB000BEE52E /* HomeViewController.swift in Sources */ = {isa = PBXBuildFile; fileRef = CA6B56E026218BB000BEE52E /* HomeViewController.swift */; };
		CA6B56E526218E7900BEE52E /* HomeView.swift in Sources */ = {isa = PBXBuildFile; fileRef = CA6B56E426218E7900BEE52E /* HomeView.swift */; };
		CA6B56E92621A71800BEE52E /* Home+Injection.swift in Sources */ = {isa = PBXBuildFile; fileRef = CA6B56E82621A71800BEE52E /* Home+Injection.swift */; };
		CA6B56ED2621D6F300BEE52E /* EnrollmentCoordinator.swift in Sources */ = {isa = PBXBuildFile; fileRef = CA6B56EC2621D6F300BEE52E /* EnrollmentCoordinator.swift */; };
		CA6B56F72621D78E00BEE52E /* EnrollmentViewController.swift in Sources */ = {isa = PBXBuildFile; fileRef = CA6B56F62621D78E00BEE52E /* EnrollmentViewController.swift */; };
		CA6B56FD2621D79800BEE52E /* EnrollmentViewModel.swift in Sources */ = {isa = PBXBuildFile; fileRef = CA6B56FC2621D79800BEE52E /* EnrollmentViewModel.swift */; };
		CA6B57012621D79E00BEE52E /* EnrollmentView.swift in Sources */ = {isa = PBXBuildFile; fileRef = CA6B57002621D79E00BEE52E /* EnrollmentView.swift */; };
		CA6B57092621D7AE00BEE52E /* EnrollmentRepository.swift in Sources */ = {isa = PBXBuildFile; fileRef = CA6B57082621D7AE00BEE52E /* EnrollmentRepository.swift */; };
		CA6B57542622365A00BEE52E /* Lato-Light.ttf in Resources */ = {isa = PBXBuildFile; fileRef = CA6B574F2622365A00BEE52E /* Lato-Light.ttf */; };
		CA6B57552622365A00BEE52E /* Lato-Black.ttf in Resources */ = {isa = PBXBuildFile; fileRef = CA6B57502622365A00BEE52E /* Lato-Black.ttf */; };
		CA6B57562622365A00BEE52E /* Lato-Thin.ttf in Resources */ = {isa = PBXBuildFile; fileRef = CA6B57512622365A00BEE52E /* Lato-Thin.ttf */; };
		CA6B57572622365A00BEE52E /* Lato-Regular.ttf in Resources */ = {isa = PBXBuildFile; fileRef = CA6B57522622365A00BEE52E /* Lato-Regular.ttf */; };
		CA6B57582622365A00BEE52E /* Lato-Bold.ttf in Resources */ = {isa = PBXBuildFile; fileRef = CA6B57532622365A00BEE52E /* Lato-Bold.ttf */; };
		CA6B57922622855000BEE52E /* Enrollment+Injection.swift in Sources */ = {isa = PBXBuildFile; fileRef = CA6B57912622855000BEE52E /* Enrollment+Injection.swift */; };
		CA9CE724260D1E7800132DC0 /* Coordinable.swift in Sources */ = {isa = PBXBuildFile; fileRef = CA9CE723260D1E7800132DC0 /* Coordinable.swift */; };
		CA9CE72A260D1E7F00132DC0 /* StackCoordinable.swift in Sources */ = {isa = PBXBuildFile; fileRef = CA9CE729260D1E7F00132DC0 /* StackCoordinable.swift */; };
		CA9CE732260D203500132DC0 /* CoordinatorActions.swift in Sources */ = {isa = PBXBuildFile; fileRef = CA9CE731260D203500132DC0 /* CoordinatorActions.swift */; };
		CA9CE73B260D21EE00132DC0 /* CoordinableView.swift in Sources */ = {isa = PBXBuildFile; fileRef = CA9CE73A260D21EE00132DC0 /* CoordinableView.swift */; };
		CA9CE73F260D268C00132DC0 /* RootCoordinator.swift in Sources */ = {isa = PBXBuildFile; fileRef = CA9CE73E260D268C00132DC0 /* RootCoordinator.swift */; };
		CA9CE743260DC38000132DC0 /* TabCoordinatorActions.swift in Sources */ = {isa = PBXBuildFile; fileRef = CA9CE742260DC38000132DC0 /* TabCoordinatorActions.swift */; };
		CAA5E4D22610929E002557AD /* HomeCoordinator.swift in Sources */ = {isa = PBXBuildFile; fileRef = CAA5E4D12610929E002557AD /* HomeCoordinator.swift */; };
		CAA5E4D626111BE5002557AD /* RootTabBarController.swift in Sources */ = {isa = PBXBuildFile; fileRef = CAA5E4D526111BE5002557AD /* RootTabBarController.swift */; };
		CAA5E4E026111E7D002557AD /* RootTabBarViewModel.swift in Sources */ = {isa = PBXBuildFile; fileRef = CAA5E4DF26111E7D002557AD /* RootTabBarViewModel.swift */; };
		CAAE1AB32607D4810048872D /* ApplicationBootloader.swift in Sources */ = {isa = PBXBuildFile; fileRef = CAAE1AB22607D4810048872D /* ApplicationBootloader.swift */; };
		CAAE1AB92607D4AE0048872D /* Resolver-Dynamic in Frameworks */ = {isa = PBXBuildFile; productRef = CAAE1AB82607D4AE0048872D /* Resolver-Dynamic */; };
		CAAE1ABA2607D4AE0048872D /* Resolver-Dynamic in Embed Frameworks */ = {isa = PBXBuildFile; productRef = CAAE1AB82607D4AE0048872D /* Resolver-Dynamic */; settings = {ATTRIBUTES = (CodeSignOnCopy, ); }; };
		CAB76563262F8FCE00953696 /* EnrollmentError.swift in Sources */ = {isa = PBXBuildFile; fileRef = CAB76562262F8FCE00953696 /* EnrollmentError.swift */; };
		CACC36F425F5261C00E51C29 /* AppDelegate.swift in Sources */ = {isa = PBXBuildFile; fileRef = CACC36F325F5261C00E51C29 /* AppDelegate.swift */; };
		CACC36FD25F5261C00E51C29 /* Assets.xcassets in Resources */ = {isa = PBXBuildFile; fileRef = CACC36FC25F5261C00E51C29 /* Assets.xcassets */; };
		CACC370025F5261C00E51C29 /* LaunchScreen.storyboard in Resources */ = {isa = PBXBuildFile; fileRef = CACC36FE25F5261C00E51C29 /* LaunchScreen.storyboard */; };
		CAF2CD322630C0D7003DF959 /* XCAssets+Generated.swift in Sources */ = {isa = PBXBuildFile; fileRef = CAF2CD312630C0D7003DF959 /* XCAssets+Generated.swift */; };
		CAF2CD3A2630C59E003DF959 /* swiftgen.yml in Resources */ = {isa = PBXBuildFile; fileRef = CAF2CD392630C59E003DF959 /* swiftgen.yml */; };
		CAF2CD3E2630CB41003DF959 /* Strings+Generated.swift in Sources */ = {isa = PBXBuildFile; fileRef = CAF2CD3D2630CB41003DF959 /* Strings+Generated.swift */; };
		CAF2CD472630CED7003DF959 /* Localizable.strings in Resources */ = {isa = PBXBuildFile; fileRef = CAF2CD182630B2C4003DF959 /* Localizable.strings */; };
		CAF2CD4E26319AFD003DF959 /* Core.framework in Frameworks */ = {isa = PBXBuildFile; fileRef = CAF2CD4D26319AFD003DF959 /* Core.framework */; };
		CAF2CD4F26319AFD003DF959 /* Core.framework in Embed Frameworks */ = {isa = PBXBuildFile; fileRef = CAF2CD4D26319AFD003DF959 /* Core.framework */; settings = {ATTRIBUTES = (CodeSignOnCopy, RemoveHeadersOnCopy, ); }; };
/* End PBXBuildFile section */

/* Begin PBXContainerItemProxy section */
		CACC370725F5261C00E51C29 /* PBXContainerItemProxy */ = {
			isa = PBXContainerItemProxy;
			containerPortal = CACC36E825F5261B00E51C29 /* Project object */;
			proxyType = 1;
			remoteGlobalIDString = CACC36EF25F5261B00E51C29;
			remoteInfo = PafipiMDM;
		};
		CACC371225F5261C00E51C29 /* PBXContainerItemProxy */ = {
			isa = PBXContainerItemProxy;
			containerPortal = CACC36E825F5261B00E51C29 /* Project object */;
			proxyType = 1;
			remoteGlobalIDString = CACC36EF25F5261B00E51C29;
			remoteInfo = PafipiMDM;
		};
/* End PBXContainerItemProxy section */

/* Begin PBXCopyFilesBuildPhase section */
		CAAE1ABB2607D4AE0048872D /* Embed Frameworks */ = {
			isa = PBXCopyFilesBuildPhase;
			buildActionMask = 2147483647;
			dstPath = "";
			dstSubfolderSpec = 10;
			files = (
				CAAE1ABA2607D4AE0048872D /* Resolver-Dynamic in Embed Frameworks */,
				CAF2CD4F26319AFD003DF959 /* Core.framework in Embed Frameworks */,
			);
			name = "Embed Frameworks";
			runOnlyForDeploymentPostprocessing = 0;
		};
/* End PBXCopyFilesBuildPhase section */

/* Begin PBXFileReference section */
		CA2998E62604024800A2748C /* .gitignore */ = {isa = PBXFileReference; fileEncoding = 4; lastKnownFileType = text; path = .gitignore; sourceTree = SOURCE_ROOT; };
		CA2998EC2604037300A2748C /* .swiftlint.yml */ = {isa = PBXFileReference; fileEncoding = 4; lastKnownFileType = text.yaml; path = .swiftlint.yml; sourceTree = SOURCE_ROOT; };
		CA2998F12604044400A2748C /* README.md */ = {isa = PBXFileReference; fileEncoding = 4; lastKnownFileType = net.daringfireball.markdown; name = README.md; path = PafipiMDM/README.md; sourceTree = SOURCE_ROOT; };
		CA6B56A726217A5B00BEE52E /* AppDelegate+Injection.swift */ = {isa = PBXFileReference; lastKnownFileType = sourcecode.swift; path = "AppDelegate+Injection.swift"; sourceTree = "<group>"; };
		CA6B56BD26217DC000BEE52E /* Core+Injection.swift */ = {isa = PBXFileReference; lastKnownFileType = sourcecode.swift; path = "Core+Injection.swift"; sourceTree = "<group>"; };
		CA6B56C6262181D900BEE52E /* Root+Injection.swift */ = {isa = PBXFileReference; lastKnownFileType = sourcecode.swift; path = "Root+Injection.swift"; sourceTree = "<group>"; };
		CA6B56CA262186E200BEE52E /* Colors.xcassets */ = {isa = PBXFileReference; lastKnownFileType = folder.assetcatalog; path = Colors.xcassets; sourceTree = "<group>"; };
		CA6B56D826218BA500BEE52E /* HomeViewModel.swift */ = {isa = PBXFileReference; lastKnownFileType = sourcecode.swift; path = HomeViewModel.swift; sourceTree = "<group>"; };
		CA6B56E026218BB000BEE52E /* HomeViewController.swift */ = {isa = PBXFileReference; lastKnownFileType = sourcecode.swift; path = HomeViewController.swift; sourceTree = "<group>"; };
		CA6B56E426218E7900BEE52E /* HomeView.swift */ = {isa = PBXFileReference; lastKnownFileType = sourcecode.swift; path = HomeView.swift; sourceTree = "<group>"; };
		CA6B56E82621A71800BEE52E /* Home+Injection.swift */ = {isa = PBXFileReference; lastKnownFileType = sourcecode.swift; path = "Home+Injection.swift"; sourceTree = "<group>"; };
		CA6B56EC2621D6F300BEE52E /* EnrollmentCoordinator.swift */ = {isa = PBXFileReference; lastKnownFileType = sourcecode.swift; path = EnrollmentCoordinator.swift; sourceTree = "<group>"; };
		CA6B56F62621D78E00BEE52E /* EnrollmentViewController.swift */ = {isa = PBXFileReference; lastKnownFileType = sourcecode.swift; path = EnrollmentViewController.swift; sourceTree = "<group>"; };
		CA6B56FC2621D79800BEE52E /* EnrollmentViewModel.swift */ = {isa = PBXFileReference; lastKnownFileType = sourcecode.swift; path = EnrollmentViewModel.swift; sourceTree = "<group>"; };
		CA6B57002621D79E00BEE52E /* EnrollmentView.swift */ = {isa = PBXFileReference; lastKnownFileType = sourcecode.swift; path = EnrollmentView.swift; sourceTree = "<group>"; };
		CA6B57082621D7AE00BEE52E /* EnrollmentRepository.swift */ = {isa = PBXFileReference; lastKnownFileType = sourcecode.swift; path = EnrollmentRepository.swift; sourceTree = "<group>"; };
		CA6B574F2622365A00BEE52E /* Lato-Light.ttf */ = {isa = PBXFileReference; lastKnownFileType = file; path = "Lato-Light.ttf"; sourceTree = "<group>"; };
		CA6B57502622365A00BEE52E /* Lato-Black.ttf */ = {isa = PBXFileReference; lastKnownFileType = file; path = "Lato-Black.ttf"; sourceTree = "<group>"; };
		CA6B57512622365A00BEE52E /* Lato-Thin.ttf */ = {isa = PBXFileReference; lastKnownFileType = file; path = "Lato-Thin.ttf"; sourceTree = "<group>"; };
		CA6B57522622365A00BEE52E /* Lato-Regular.ttf */ = {isa = PBXFileReference; lastKnownFileType = file; path = "Lato-Regular.ttf"; sourceTree = "<group>"; };
		CA6B57532622365A00BEE52E /* Lato-Bold.ttf */ = {isa = PBXFileReference; lastKnownFileType = file; path = "Lato-Bold.ttf"; sourceTree = "<group>"; };
		CA6B57912622855000BEE52E /* Enrollment+Injection.swift */ = {isa = PBXFileReference; lastKnownFileType = sourcecode.swift; path = "Enrollment+Injection.swift"; sourceTree = "<group>"; };
		CA9CE723260D1E7800132DC0 /* Coordinable.swift */ = {isa = PBXFileReference; lastKnownFileType = sourcecode.swift; path = Coordinable.swift; sourceTree = "<group>"; };
		CA9CE729260D1E7F00132DC0 /* StackCoordinable.swift */ = {isa = PBXFileReference; lastKnownFileType = sourcecode.swift; path = StackCoordinable.swift; sourceTree = "<group>"; };
		CA9CE731260D203500132DC0 /* CoordinatorActions.swift */ = {isa = PBXFileReference; lastKnownFileType = sourcecode.swift; path = CoordinatorActions.swift; sourceTree = "<group>"; };
		CA9CE73A260D21EE00132DC0 /* CoordinableView.swift */ = {isa = PBXFileReference; lastKnownFileType = sourcecode.swift; path = CoordinableView.swift; sourceTree = "<group>"; };
		CA9CE73E260D268C00132DC0 /* RootCoordinator.swift */ = {isa = PBXFileReference; lastKnownFileType = sourcecode.swift; path = RootCoordinator.swift; sourceTree = "<group>"; };
		CA9CE742260DC38000132DC0 /* TabCoordinatorActions.swift */ = {isa = PBXFileReference; lastKnownFileType = sourcecode.swift; path = TabCoordinatorActions.swift; sourceTree = "<group>"; };
		CAA5E4D12610929E002557AD /* HomeCoordinator.swift */ = {isa = PBXFileReference; lastKnownFileType = sourcecode.swift; path = HomeCoordinator.swift; sourceTree = "<group>"; };
		CAA5E4D526111BE5002557AD /* RootTabBarController.swift */ = {isa = PBXFileReference; lastKnownFileType = sourcecode.swift; path = RootTabBarController.swift; sourceTree = "<group>"; };
		CAA5E4DF26111E7D002557AD /* RootTabBarViewModel.swift */ = {isa = PBXFileReference; lastKnownFileType = sourcecode.swift; path = RootTabBarViewModel.swift; sourceTree = "<group>"; };
		CAAA686626319E8C00DFFF06 /* PafipiMDM.entitlements */ = {isa = PBXFileReference; lastKnownFileType = text.plist.entitlements; path = PafipiMDM.entitlements; sourceTree = "<group>"; };
		CAAE1AB22607D4810048872D /* ApplicationBootloader.swift */ = {isa = PBXFileReference; fileEncoding = 4; lastKnownFileType = sourcecode.swift; path = ApplicationBootloader.swift; sourceTree = "<group>"; };
		CAB76562262F8FCE00953696 /* EnrollmentError.swift */ = {isa = PBXFileReference; lastKnownFileType = sourcecode.swift; path = EnrollmentError.swift; sourceTree = "<group>"; };
		CACC36F025F5261C00E51C29 /* PafipiMDM.app */ = {isa = PBXFileReference; explicitFileType = wrapper.application; includeInIndex = 0; path = PafipiMDM.app; sourceTree = BUILT_PRODUCTS_DIR; };
		CACC36F325F5261C00E51C29 /* AppDelegate.swift */ = {isa = PBXFileReference; lastKnownFileType = sourcecode.swift; path = AppDelegate.swift; sourceTree = "<group>"; };
		CACC36FC25F5261C00E51C29 /* Assets.xcassets */ = {isa = PBXFileReference; lastKnownFileType = folder.assetcatalog; path = Assets.xcassets; sourceTree = "<group>"; };
		CACC36FF25F5261C00E51C29 /* Base */ = {isa = PBXFileReference; lastKnownFileType = file.storyboard; name = Base; path = Base.lproj/LaunchScreen.storyboard; sourceTree = "<group>"; };
		CACC370125F5261C00E51C29 /* Info.plist */ = {isa = PBXFileReference; lastKnownFileType = text.plist.xml; path = Info.plist; sourceTree = "<group>"; };
		CACC370625F5261C00E51C29 /* PafipiMDMTests.xctest */ = {isa = PBXFileReference; explicitFileType = wrapper.cfbundle; includeInIndex = 0; path = PafipiMDMTests.xctest; sourceTree = BUILT_PRODUCTS_DIR; };
		CACC370C25F5261C00E51C29 /* Info.plist */ = {isa = PBXFileReference; lastKnownFileType = text.plist.xml; path = Info.plist; sourceTree = "<group>"; };
		CACC371125F5261C00E51C29 /* PafipiMDMUITests.xctest */ = {isa = PBXFileReference; explicitFileType = wrapper.cfbundle; includeInIndex = 0; path = PafipiMDMUITests.xctest; sourceTree = BUILT_PRODUCTS_DIR; };
		CACC371725F5261C00E51C29 /* Info.plist */ = {isa = PBXFileReference; lastKnownFileType = text.plist.xml; path = Info.plist; sourceTree = "<group>"; };
		CAF2CD162630B2C4003DF959 /* en */ = {isa = PBXFileReference; lastKnownFileType = text.plist.strings; name = en; path = en.lproj/Localizable.strings; sourceTree = "<group>"; };
		CAF2CD172630B2C4003DF959 /* pl */ = {isa = PBXFileReference; lastKnownFileType = text.plist.strings; name = pl; path = pl.lproj/Localizable.strings; sourceTree = "<group>"; };
		CAF2CD312630C0D7003DF959 /* XCAssets+Generated.swift */ = {isa = PBXFileReference; fileEncoding = 4; lastKnownFileType = sourcecode.swift; path = "XCAssets+Generated.swift"; sourceTree = "<group>"; };
		CAF2CD392630C59E003DF959 /* swiftgen.yml */ = {isa = PBXFileReference; fileEncoding = 4; lastKnownFileType = text.yaml; path = swiftgen.yml; sourceTree = SOURCE_ROOT; };
		CAF2CD3D2630CB41003DF959 /* Strings+Generated.swift */ = {isa = PBXFileReference; fileEncoding = 4; lastKnownFileType = sourcecode.swift; path = "Strings+Generated.swift"; sourceTree = "<group>"; };
		CAF2CD4D26319AFD003DF959 /* Core.framework */ = {isa = PBXFileReference; explicitFileType = wrapper.framework; path = Core.framework; sourceTree = BUILT_PRODUCTS_DIR; };
/* End PBXFileReference section */

/* Begin PBXFrameworksBuildPhase section */
		CACC36ED25F5261B00E51C29 /* Frameworks */ = {
			isa = PBXFrameworksBuildPhase;
			buildActionMask = 2147483647;
			files = (
				CAAE1AB92607D4AE0048872D /* Resolver-Dynamic in Frameworks */,
				CAF2CD4E26319AFD003DF959 /* Core.framework in Frameworks */,
			);
			runOnlyForDeploymentPostprocessing = 0;
		};
		CACC370325F5261C00E51C29 /* Frameworks */ = {
			isa = PBXFrameworksBuildPhase;
			buildActionMask = 2147483647;
			files = (
			);
			runOnlyForDeploymentPostprocessing = 0;
		};
		CACC370E25F5261C00E51C29 /* Frameworks */ = {
			isa = PBXFrameworksBuildPhase;
			buildActionMask = 2147483647;
			files = (
			);
			runOnlyForDeploymentPostprocessing = 0;
		};
/* End PBXFrameworksBuildPhase section */

/* Begin PBXGroup section */
		CA2998D42603FC8400A2748C /* Configuration */ = {
			isa = PBXGroup;
			children = (
				CACC370125F5261C00E51C29 /* Info.plist */,
				CA2998E62604024800A2748C /* .gitignore */,
				CA2998EC2604037300A2748C /* .swiftlint.yml */,
				CAF2CD392630C59E003DF959 /* swiftgen.yml */,
			);
			path = Configuration;
			sourceTree = "<group>";
		};
		CA2998D52603FD0700A2748C /* Sources */ = {
			isa = PBXGroup;
			children = (
				CAAE1AB12607D4810048872D /* Bootloader */,
				CA60C53F26173D8900CCBC8D /* Containers */,
				CA9CE71B260D1DCC00132DC0 /* Coordinators */,
				CA9CE719260D1D8500132DC0 /* Scenes */,
			);
			path = Sources;
			sourceTree = "<group>";
		};
		CA2998D62603FD2B00A2748C /* Resources */ = {
			isa = PBXGroup;
			children = (
				CACC36FE25F5261C00E51C29 /* LaunchScreen.storyboard */,
				CACC36FC25F5261C00E51C29 /* Assets.xcassets */,
				CA6B56CA262186E200BEE52E /* Colors.xcassets */,
				CA6B574D2622357F00BEE52E /* Fonts */,
				CAF2CD192630B2C4003DF959 /* Localizations */,
			);
			path = Resources;
			sourceTree = "<group>";
		};
		CA60C53F26173D8900CCBC8D /* Containers */ = {
			isa = PBXGroup;
			children = (
				CA6B56A726217A5B00BEE52E /* AppDelegate+Injection.swift */,
				CA6B56BD26217DC000BEE52E /* Core+Injection.swift */,
				CA6B56C6262181D900BEE52E /* Root+Injection.swift */,
				CA6B56E82621A71800BEE52E /* Home+Injection.swift */,
				CA6B57912622855000BEE52E /* Enrollment+Injection.swift */,
			);
			path = Containers;
			sourceTree = "<group>";
		};
		CA6B56D426218B4B00BEE52E /* Home */ = {
			isa = PBXGroup;
			children = (
				CA6B56D526218B5600BEE52E /* View */,
				CA6B56D626218B5D00BEE52E /* ViewController */,
				CA6B56D726218B6100BEE52E /* ViewModel */,
			);
			path = Home;
			sourceTree = "<group>";
		};
		CA6B56D526218B5600BEE52E /* View */ = {
			isa = PBXGroup;
			children = (
				CA6B56E426218E7900BEE52E /* HomeView.swift */,
			);
			path = View;
			sourceTree = "<group>";
		};
		CA6B56D626218B5D00BEE52E /* ViewController */ = {
			isa = PBXGroup;
			children = (
				CA6B56E026218BB000BEE52E /* HomeViewController.swift */,
			);
			path = ViewController;
			sourceTree = "<group>";
		};
		CA6B56D726218B6100BEE52E /* ViewModel */ = {
			isa = PBXGroup;
			children = (
				CA6B56D826218BA500BEE52E /* HomeViewModel.swift */,
			);
			path = ViewModel;
			sourceTree = "<group>";
		};
		CA6B56F02621D72300BEE52E /* Enrollment */ = {
			isa = PBXGroup;
			children = (
				CA6B56F22621D73200BEE52E /* View */,
				CA6B56F12621D72D00BEE52E /* ViewController */,
				CA6B56F32621D73600BEE52E /* ViewModel */,
				CA6B56F52621D74900BEE52E /* Repository */,
				CAB76566262F8FD200953696 /* Model */,
			);
			path = Enrollment;
			sourceTree = "<group>";
		};
		CA6B56F12621D72D00BEE52E /* ViewController */ = {
			isa = PBXGroup;
			children = (
				CA6B56F62621D78E00BEE52E /* EnrollmentViewController.swift */,
			);
			path = ViewController;
			sourceTree = "<group>";
		};
		CA6B56F22621D73200BEE52E /* View */ = {
			isa = PBXGroup;
			children = (
				CA6B57002621D79E00BEE52E /* EnrollmentView.swift */,
			);
			path = View;
			sourceTree = "<group>";
		};
		CA6B56F32621D73600BEE52E /* ViewModel */ = {
			isa = PBXGroup;
			children = (
				CA6B56FC2621D79800BEE52E /* EnrollmentViewModel.swift */,
			);
			path = ViewModel;
			sourceTree = "<group>";
		};
		CA6B56F52621D74900BEE52E /* Repository */ = {
			isa = PBXGroup;
			children = (
				CA6B57082621D7AE00BEE52E /* EnrollmentRepository.swift */,
			);
			path = Repository;
			sourceTree = "<group>";
		};
		CA6B574D2622357F00BEE52E /* Fonts */ = {
			isa = PBXGroup;
			children = (
				CA6B574E2622358E00BEE52E /* Lato */,
			);
			path = Fonts;
			sourceTree = "<group>";
		};
		CA6B574E2622358E00BEE52E /* Lato */ = {
			isa = PBXGroup;
			children = (
				CA6B57502622365A00BEE52E /* Lato-Black.ttf */,
				CA6B57532622365A00BEE52E /* Lato-Bold.ttf */,
				CA6B574F2622365A00BEE52E /* Lato-Light.ttf */,
				CA6B57522622365A00BEE52E /* Lato-Regular.ttf */,
				CA6B57512622365A00BEE52E /* Lato-Thin.ttf */,
			);
			path = Lato;
			sourceTree = "<group>";
		};
		CA6B57732622810F00BEE52E /* Root */ = {
			isa = PBXGroup;
			children = (
				CA9CE73E260D268C00132DC0 /* RootCoordinator.swift */,
			);
			path = Root;
			sourceTree = "<group>";
		};
		CA6B57742622811300BEE52E /* Home */ = {
			isa = PBXGroup;
			children = (
				CAA5E4D12610929E002557AD /* HomeCoordinator.swift */,
			);
			path = Home;
			sourceTree = "<group>";
		};
		CA6B57752622811900BEE52E /* Enrollment */ = {
			isa = PBXGroup;
			children = (
				CA6B56EC2621D6F300BEE52E /* EnrollmentCoordinator.swift */,
			);
			path = Enrollment;
			sourceTree = "<group>";
		};
		CA9CE719260D1D8500132DC0 /* Scenes */ = {
			isa = PBXGroup;
			children = (
				CAA5E4D926111C33002557AD /* Root */,
				CA6B56D426218B4B00BEE52E /* Home */,
				CA6B56F02621D72300BEE52E /* Enrollment */,
			);
			path = Scenes;
			sourceTree = "<group>";
		};
		CA9CE71B260D1DCC00132DC0 /* Coordinators */ = {
			isa = PBXGroup;
			children = (
				CA9CE722260D1E6E00132DC0 /* Protocol */,
				CA6B57732622810F00BEE52E /* Root */,
				CA6B57752622811900BEE52E /* Enrollment */,
				CA6B57742622811300BEE52E /* Home */,
			);
			path = Coordinators;
			sourceTree = "<group>";
		};
		CA9CE722260D1E6E00132DC0 /* Protocol */ = {
			isa = PBXGroup;
			children = (
				CA9CE723260D1E7800132DC0 /* Coordinable.swift */,
				CA9CE729260D1E7F00132DC0 /* StackCoordinable.swift */,
				CA9CE731260D203500132DC0 /* CoordinatorActions.swift */,
				CA9CE73A260D21EE00132DC0 /* CoordinableView.swift */,
				CA9CE742260DC38000132DC0 /* TabCoordinatorActions.swift */,
			);
			path = Protocol;
			sourceTree = "<group>";
		};
		CAA5E4D926111C33002557AD /* Root */ = {
			isa = PBXGroup;
			children = (
				CAA5E4DA26111CD4002557AD /* ViewController */,
				CAA5E4DB26111CDA002557AD /* ViewModel */,
			);
			path = Root;
			sourceTree = "<group>";
		};
		CAA5E4DA26111CD4002557AD /* ViewController */ = {
			isa = PBXGroup;
			children = (
				CAA5E4D526111BE5002557AD /* RootTabBarController.swift */,
			);
			path = ViewController;
			sourceTree = "<group>";
		};
		CAA5E4DB26111CDA002557AD /* ViewModel */ = {
			isa = PBXGroup;
			children = (
				CAA5E4DF26111E7D002557AD /* RootTabBarViewModel.swift */,
			);
			path = ViewModel;
			sourceTree = "<group>";
		};
		CAAE1AB12607D4810048872D /* Bootloader */ = {
			isa = PBXGroup;
			children = (
				CAAE1AB22607D4810048872D /* ApplicationBootloader.swift */,
			);
			path = Bootloader;
			sourceTree = "<group>";
		};
		CAB76566262F8FD200953696 /* Model */ = {
			isa = PBXGroup;
			children = (
				CAB76562262F8FCE00953696 /* EnrollmentError.swift */,
			);
			path = Model;
			sourceTree = "<group>";
		};
		CACC36E725F5261B00E51C29 = {
			isa = PBXGroup;
			children = (
				CACC36F225F5261C00E51C29 /* PafipiMDM */,
				CACC370925F5261C00E51C29 /* PafipiMDMTests */,
				CACC371425F5261C00E51C29 /* PafipiMDMUITests */,
				CACC36F125F5261C00E51C29 /* Products */,
				CAF2CD4C26319AFD003DF959 /* Frameworks */,
			);
			sourceTree = "<group>";
		};
		CACC36F125F5261C00E51C29 /* Products */ = {
			isa = PBXGroup;
			children = (
				CACC36F025F5261C00E51C29 /* PafipiMDM.app */,
				CACC370625F5261C00E51C29 /* PafipiMDMTests.xctest */,
				CACC371125F5261C00E51C29 /* PafipiMDMUITests.xctest */,
			);
			name = Products;
			sourceTree = "<group>";
		};
		CACC36F225F5261C00E51C29 /* PafipiMDM */ = {
			isa = PBXGroup;
			children = (
				CAAA686626319E8C00DFFF06 /* PafipiMDM.entitlements */,
				CA2998F12604044400A2748C /* README.md */,
				CACC36F325F5261C00E51C29 /* AppDelegate.swift */,
				CA2998D42603FC8400A2748C /* Configuration */,
				CA2998D52603FD0700A2748C /* Sources */,
				CA2998D62603FD2B00A2748C /* Resources */,
				CAF901D0262E27FD0057CF5B /* Generated */,
			);
			path = PafipiMDM;
			sourceTree = "<group>";
		};
		CACC370925F5261C00E51C29 /* PafipiMDMTests */ = {
			isa = PBXGroup;
			children = (
				CACC370C25F5261C00E51C29 /* Info.plist */,
			);
			path = PafipiMDMTests;
			sourceTree = "<group>";
		};
		CACC371425F5261C00E51C29 /* PafipiMDMUITests */ = {
			isa = PBXGroup;
			children = (
				CACC371725F5261C00E51C29 /* Info.plist */,
			);
			path = PafipiMDMUITests;
			sourceTree = "<group>";
		};
		CAF2CD192630B2C4003DF959 /* Localizations */ = {
			isa = PBXGroup;
			children = (
				CAF2CD182630B2C4003DF959 /* Localizable.strings */,
			);
			path = Localizations;
			sourceTree = "<group>";
		};
		CAF2CD4C26319AFD003DF959 /* Frameworks */ = {
			isa = PBXGroup;
			children = (
				CAF2CD4D26319AFD003DF959 /* Core.framework */,
			);
			name = Frameworks;
			sourceTree = "<group>";
		};
		CAF901D0262E27FD0057CF5B /* Generated */ = {
			isa = PBXGroup;
			children = (
				CAF2CD312630C0D7003DF959 /* XCAssets+Generated.swift */,
				CAF2CD3D2630CB41003DF959 /* Strings+Generated.swift */,
			);
			path = Generated;
			sourceTree = "<group>";
		};
/* End PBXGroup section */

/* Begin PBXNativeTarget section */
		CACC36EF25F5261B00E51C29 /* PafipiMDM */ = {
			isa = PBXNativeTarget;
			buildConfigurationList = CACC371A25F5261D00E51C29 /* Build configuration list for PBXNativeTarget "PafipiMDM" */;
			buildPhases = (
				CA2998EB260402E300A2748C /* SwiftLint */,
				CAF901C9262E26580057CF5B /* SwiftGen */,
				CACC36EC25F5261B00E51C29 /* Sources */,
				CACC36ED25F5261B00E51C29 /* Frameworks */,
				CACC36EE25F5261B00E51C29 /* Resources */,
				CAAE1ABB2607D4AE0048872D /* Embed Frameworks */,
			);
			buildRules = (
			);
			dependencies = (
			);
			name = PafipiMDM;
			packageProductDependencies = (
				CAAE1AB82607D4AE0048872D /* Resolver-Dynamic */,
			);
			productName = PafipiMDM;
			productReference = CACC36F025F5261C00E51C29 /* PafipiMDM.app */;
			productType = "com.apple.product-type.application";
		};
		CACC370525F5261C00E51C29 /* PafipiMDMTests */ = {
			isa = PBXNativeTarget;
			buildConfigurationList = CACC371D25F5261D00E51C29 /* Build configuration list for PBXNativeTarget "PafipiMDMTests" */;
			buildPhases = (
				CACC370225F5261C00E51C29 /* Sources */,
				CACC370325F5261C00E51C29 /* Frameworks */,
				CACC370425F5261C00E51C29 /* Resources */,
			);
			buildRules = (
			);
			dependencies = (
				CACC370825F5261C00E51C29 /* PBXTargetDependency */,
			);
			name = PafipiMDMTests;
			productName = PafipiMDMTests;
			productReference = CACC370625F5261C00E51C29 /* PafipiMDMTests.xctest */;
			productType = "com.apple.product-type.bundle.unit-test";
		};
		CACC371025F5261C00E51C29 /* PafipiMDMUITests */ = {
			isa = PBXNativeTarget;
			buildConfigurationList = CACC372025F5261D00E51C29 /* Build configuration list for PBXNativeTarget "PafipiMDMUITests" */;
			buildPhases = (
				CACC370D25F5261C00E51C29 /* Sources */,
				CACC370E25F5261C00E51C29 /* Frameworks */,
				CACC370F25F5261C00E51C29 /* Resources */,
			);
			buildRules = (
			);
			dependencies = (
				CACC371325F5261C00E51C29 /* PBXTargetDependency */,
			);
			name = PafipiMDMUITests;
			productName = PafipiMDMUITests;
			productReference = CACC371125F5261C00E51C29 /* PafipiMDMUITests.xctest */;
			productType = "com.apple.product-type.bundle.ui-testing";
		};
/* End PBXNativeTarget section */

/* Begin PBXProject section */
		CACC36E825F5261B00E51C29 /* Project object */ = {
			isa = PBXProject;
			attributes = {
				LastSwiftUpdateCheck = 1240;
				LastUpgradeCheck = 1240;
				TargetAttributes = {
					CACC36EF25F5261B00E51C29 = {
						CreatedOnToolsVersion = 12.4;
					};
					CACC370525F5261C00E51C29 = {
						CreatedOnToolsVersion = 12.4;
						TestTargetID = CACC36EF25F5261B00E51C29;
					};
					CACC371025F5261C00E51C29 = {
						CreatedOnToolsVersion = 12.4;
						TestTargetID = CACC36EF25F5261B00E51C29;
					};
				};
			};
			buildConfigurationList = CACC36EB25F5261B00E51C29 /* Build configuration list for PBXProject "PafipiMDM" */;
			compatibilityVersion = "Xcode 9.3";
			developmentRegion = en;
			hasScannedForEncodings = 0;
			knownRegions = (
				en,
				Base,
				pl,
			);
			mainGroup = CACC36E725F5261B00E51C29;
			packageReferences = (
				CAAE1AB72607D4AE0048872D /* XCRemoteSwiftPackageReference "Resolver" */,
			);
			productRefGroup = CACC36F125F5261C00E51C29 /* Products */;
			projectDirPath = "";
			projectRoot = "";
			targets = (
				CACC36EF25F5261B00E51C29 /* PafipiMDM */,
				CACC370525F5261C00E51C29 /* PafipiMDMTests */,
				CACC371025F5261C00E51C29 /* PafipiMDMUITests */,
			);
		};
/* End PBXProject section */

/* Begin PBXResourcesBuildPhase section */
		CACC36EE25F5261B00E51C29 /* Resources */ = {
			isa = PBXResourcesBuildPhase;
			buildActionMask = 2147483647;
			files = (
				CA6B57582622365A00BEE52E /* Lato-Bold.ttf in Resources */,
				CA2998ED2604037300A2748C /* .swiftlint.yml in Resources */,
				CA6B57562622365A00BEE52E /* Lato-Thin.ttf in Resources */,
				CACC370025F5261C00E51C29 /* LaunchScreen.storyboard in Resources */,
				CA2998F22604044400A2748C /* README.md in Resources */,
				CA6B56CB262186E200BEE52E /* Colors.xcassets in Resources */,
				CA6B57552622365A00BEE52E /* Lato-Black.ttf in Resources */,
				CA2998E72604024800A2748C /* .gitignore in Resources */,
				CA6B57572622365A00BEE52E /* Lato-Regular.ttf in Resources */,
				CAF2CD472630CED7003DF959 /* Localizable.strings in Resources */,
				CACC36FD25F5261C00E51C29 /* Assets.xcassets in Resources */,
				CA6B57542622365A00BEE52E /* Lato-Light.ttf in Resources */,
				CAF2CD3A2630C59E003DF959 /* swiftgen.yml in Resources */,
			);
			runOnlyForDeploymentPostprocessing = 0;
		};
		CACC370425F5261C00E51C29 /* Resources */ = {
			isa = PBXResourcesBuildPhase;
			buildActionMask = 2147483647;
			files = (
			);
			runOnlyForDeploymentPostprocessing = 0;
		};
		CACC370F25F5261C00E51C29 /* Resources */ = {
			isa = PBXResourcesBuildPhase;
			buildActionMask = 2147483647;
			files = (
			);
			runOnlyForDeploymentPostprocessing = 0;
		};
/* End PBXResourcesBuildPhase section */

/* Begin PBXShellScriptBuildPhase section */
		CA2998EB260402E300A2748C /* SwiftLint */ = {
			isa = PBXShellScriptBuildPhase;
			buildActionMask = 2147483647;
			files = (
			);
			inputFileListPaths = (
			);
			inputPaths = (
			);
			name = SwiftLint;
			outputFileListPaths = (
			);
			outputPaths = (
			);
			runOnlyForDeploymentPostprocessing = 0;
			shellPath = /bin/sh;
			shellScript = "if which swiftlint >/dev/null; then\n  swiftlint\nelse\n  echo \"warning: SwiftLint not installed, download from https://github.com/realm/SwiftLint\"\nfi\n";
		};
		CAF901C9262E26580057CF5B /* SwiftGen */ = {
			isa = PBXShellScriptBuildPhase;
			buildActionMask = 2147483647;
			files = (
			);
			inputFileListPaths = (
			);
			inputPaths = (
			);
			name = SwiftGen;
			outputFileListPaths = (
			);
			outputPaths = (
			);
			runOnlyForDeploymentPostprocessing = 0;
			shellPath = /bin/sh;
			shellScript = "if which swiftgen >/dev/null; then\n  swiftgen\nelse\n  echo \"warning: SwiftGen not installed, download it from https://github.com/SwiftGen/SwiftGen\"\nfi\n";
		};
/* End PBXShellScriptBuildPhase section */

/* Begin PBXSourcesBuildPhase section */
		CACC36EC25F5261B00E51C29 /* Sources */ = {
			isa = PBXSourcesBuildPhase;
			buildActionMask = 2147483647;
			files = (
				CACC36F425F5261C00E51C29 /* AppDelegate.swift in Sources */,
				CAA5E4E026111E7D002557AD /* RootTabBarViewModel.swift in Sources */,
				CA6B56ED2621D6F300BEE52E /* EnrollmentCoordinator.swift in Sources */,
				CAA5E4D626111BE5002557AD /* RootTabBarController.swift in Sources */,
				CA9CE72A260D1E7F00132DC0 /* StackCoordinable.swift in Sources */,
				CAA5E4D22610929E002557AD /* HomeCoordinator.swift in Sources */,
				CA6B56E526218E7900BEE52E /* HomeView.swift in Sources */,
				CA6B56C7262181D900BEE52E /* Root+Injection.swift in Sources */,
				CA9CE743260DC38000132DC0 /* TabCoordinatorActions.swift in Sources */,
				CA6B56BE26217DC000BEE52E /* Core+Injection.swift in Sources */,
				CA6B56A826217A5B00BEE52E /* AppDelegate+Injection.swift in Sources */,
				CAAE1AB32607D4810048872D /* ApplicationBootloader.swift in Sources */,
				CA6B56F72621D78E00BEE52E /* EnrollmentViewController.swift in Sources */,
				CAF2CD322630C0D7003DF959 /* XCAssets+Generated.swift in Sources */,
				CA6B57922622855000BEE52E /* Enrollment+Injection.swift in Sources */,
				CA9CE73B260D21EE00132DC0 /* CoordinableView.swift in Sources */,
				CA6B56E126218BB000BEE52E /* HomeViewController.swift in Sources */,
				CA9CE724260D1E7800132DC0 /* Coordinable.swift in Sources */,
				CA9CE732260D203500132DC0 /* CoordinatorActions.swift in Sources */,
				CA6B56D926218BA500BEE52E /* HomeViewModel.swift in Sources */,
				CAF2CD3E2630CB41003DF959 /* Strings+Generated.swift in Sources */,
				CA6B56E92621A71800BEE52E /* Home+Injection.swift in Sources */,
				CA9CE73F260D268C00132DC0 /* RootCoordinator.swift in Sources */,
				CA6B57092621D7AE00BEE52E /* EnrollmentRepository.swift in Sources */,
				CA6B57012621D79E00BEE52E /* EnrollmentView.swift in Sources */,
				CAB76563262F8FCE00953696 /* EnrollmentError.swift in Sources */,
				CA6B56FD2621D79800BEE52E /* EnrollmentViewModel.swift in Sources */,
			);
			runOnlyForDeploymentPostprocessing = 0;
		};
		CACC370225F5261C00E51C29 /* Sources */ = {
			isa = PBXSourcesBuildPhase;
			buildActionMask = 2147483647;
			files = (
			);
			runOnlyForDeploymentPostprocessing = 0;
		};
		CACC370D25F5261C00E51C29 /* Sources */ = {
			isa = PBXSourcesBuildPhase;
			buildActionMask = 2147483647;
			files = (
			);
			runOnlyForDeploymentPostprocessing = 0;
		};
/* End PBXSourcesBuildPhase section */

/* Begin PBXTargetDependency section */
		CACC370825F5261C00E51C29 /* PBXTargetDependency */ = {
			isa = PBXTargetDependency;
			target = CACC36EF25F5261B00E51C29 /* PafipiMDM */;
			targetProxy = CACC370725F5261C00E51C29 /* PBXContainerItemProxy */;
		};
		CACC371325F5261C00E51C29 /* PBXTargetDependency */ = {
			isa = PBXTargetDependency;
			target = CACC36EF25F5261B00E51C29 /* PafipiMDM */;
			targetProxy = CACC371225F5261C00E51C29 /* PBXContainerItemProxy */;
		};
/* End PBXTargetDependency section */

/* Begin PBXVariantGroup section */
		CACC36FE25F5261C00E51C29 /* LaunchScreen.storyboard */ = {
			isa = PBXVariantGroup;
			children = (
				CACC36FF25F5261C00E51C29 /* Base */,
			);
			name = LaunchScreen.storyboard;
			sourceTree = "<group>";
		};
		CAF2CD182630B2C4003DF959 /* Localizable.strings */ = {
			isa = PBXVariantGroup;
			children = (
				CAF2CD162630B2C4003DF959 /* en */,
				CAF2CD172630B2C4003DF959 /* pl */,
			);
			name = Localizable.strings;
			sourceTree = "<group>";
		};
/* End PBXVariantGroup section */

/* Begin XCBuildConfiguration section */
		CACC371825F5261D00E51C29 /* Debug */ = {
			isa = XCBuildConfiguration;
			buildSettings = {
				ALWAYS_SEARCH_USER_PATHS = NO;
				CLANG_ANALYZER_NONNULL = YES;
				CLANG_ANALYZER_NUMBER_OBJECT_CONVERSION = YES_AGGRESSIVE;
				CLANG_CXX_LANGUAGE_STANDARD = "gnu++14";
				CLANG_CXX_LIBRARY = "libc++";
				CLANG_ENABLE_MODULES = YES;
				CLANG_ENABLE_OBJC_ARC = YES;
				CLANG_ENABLE_OBJC_WEAK = YES;
				CLANG_WARN_BLOCK_CAPTURE_AUTORELEASING = YES;
				CLANG_WARN_BOOL_CONVERSION = YES;
				CLANG_WARN_COMMA = YES;
				CLANG_WARN_CONSTANT_CONVERSION = YES;
				CLANG_WARN_DEPRECATED_OBJC_IMPLEMENTATIONS = YES;
				CLANG_WARN_DIRECT_OBJC_ISA_USAGE = YES_ERROR;
				CLANG_WARN_DOCUMENTATION_COMMENTS = YES;
				CLANG_WARN_EMPTY_BODY = YES;
				CLANG_WARN_ENUM_CONVERSION = YES;
				CLANG_WARN_INFINITE_RECURSION = YES;
				CLANG_WARN_INT_CONVERSION = YES;
				CLANG_WARN_NON_LITERAL_NULL_CONVERSION = YES;
				CLANG_WARN_OBJC_IMPLICIT_RETAIN_SELF = YES;
				CLANG_WARN_OBJC_LITERAL_CONVERSION = YES;
				CLANG_WARN_OBJC_ROOT_CLASS = YES_ERROR;
				CLANG_WARN_QUOTED_INCLUDE_IN_FRAMEWORK_HEADER = YES;
				CLANG_WARN_RANGE_LOOP_ANALYSIS = YES;
				CLANG_WARN_STRICT_PROTOTYPES = YES;
				CLANG_WARN_SUSPICIOUS_MOVE = YES;
				CLANG_WARN_UNGUARDED_AVAILABILITY = YES_AGGRESSIVE;
				CLANG_WARN_UNREACHABLE_CODE = YES;
				CLANG_WARN__DUPLICATE_METHOD_MATCH = YES;
				COPY_PHASE_STRIP = NO;
				DEBUG_INFORMATION_FORMAT = dwarf;
				ENABLE_STRICT_OBJC_MSGSEND = YES;
				ENABLE_TESTABILITY = YES;
				GCC_C_LANGUAGE_STANDARD = gnu11;
				GCC_DYNAMIC_NO_PIC = NO;
				GCC_NO_COMMON_BLOCKS = YES;
				GCC_OPTIMIZATION_LEVEL = 0;
				GCC_PREPROCESSOR_DEFINITIONS = (
					"DEBUG=1",
					"$(inherited)",
				);
				GCC_WARN_64_TO_32_BIT_CONVERSION = YES;
				GCC_WARN_ABOUT_RETURN_TYPE = YES_ERROR;
				GCC_WARN_UNDECLARED_SELECTOR = YES;
				GCC_WARN_UNINITIALIZED_AUTOS = YES_AGGRESSIVE;
				GCC_WARN_UNUSED_FUNCTION = YES;
				GCC_WARN_UNUSED_VARIABLE = YES;
				IPHONEOS_DEPLOYMENT_TARGET = 13.0;
				MTL_ENABLE_DEBUG_INFO = INCLUDE_SOURCE;
				MTL_FAST_MATH = YES;
				ONLY_ACTIVE_ARCH = YES;
				SDKROOT = iphoneos;
				SWIFT_ACTIVE_COMPILATION_CONDITIONS = DEBUG;
				SWIFT_OPTIMIZATION_LEVEL = "-Onone";
			};
			name = Debug;
		};
		CACC371925F5261D00E51C29 /* Release */ = {
			isa = XCBuildConfiguration;
			buildSettings = {
				ALWAYS_SEARCH_USER_PATHS = NO;
				CLANG_ANALYZER_NONNULL = YES;
				CLANG_ANALYZER_NUMBER_OBJECT_CONVERSION = YES_AGGRESSIVE;
				CLANG_CXX_LANGUAGE_STANDARD = "gnu++14";
				CLANG_CXX_LIBRARY = "libc++";
				CLANG_ENABLE_MODULES = YES;
				CLANG_ENABLE_OBJC_ARC = YES;
				CLANG_ENABLE_OBJC_WEAK = YES;
				CLANG_WARN_BLOCK_CAPTURE_AUTORELEASING = YES;
				CLANG_WARN_BOOL_CONVERSION = YES;
				CLANG_WARN_COMMA = YES;
				CLANG_WARN_CONSTANT_CONVERSION = YES;
				CLANG_WARN_DEPRECATED_OBJC_IMPLEMENTATIONS = YES;
				CLANG_WARN_DIRECT_OBJC_ISA_USAGE = YES_ERROR;
				CLANG_WARN_DOCUMENTATION_COMMENTS = YES;
				CLANG_WARN_EMPTY_BODY = YES;
				CLANG_WARN_ENUM_CONVERSION = YES;
				CLANG_WARN_INFINITE_RECURSION = YES;
				CLANG_WARN_INT_CONVERSION = YES;
				CLANG_WARN_NON_LITERAL_NULL_CONVERSION = YES;
				CLANG_WARN_OBJC_IMPLICIT_RETAIN_SELF = YES;
				CLANG_WARN_OBJC_LITERAL_CONVERSION = YES;
				CLANG_WARN_OBJC_ROOT_CLASS = YES_ERROR;
				CLANG_WARN_QUOTED_INCLUDE_IN_FRAMEWORK_HEADER = YES;
				CLANG_WARN_RANGE_LOOP_ANALYSIS = YES;
				CLANG_WARN_STRICT_PROTOTYPES = YES;
				CLANG_WARN_SUSPICIOUS_MOVE = YES;
				CLANG_WARN_UNGUARDED_AVAILABILITY = YES_AGGRESSIVE;
				CLANG_WARN_UNREACHABLE_CODE = YES;
				CLANG_WARN__DUPLICATE_METHOD_MATCH = YES;
				COPY_PHASE_STRIP = NO;
				DEBUG_INFORMATION_FORMAT = "dwarf-with-dsym";
				ENABLE_NS_ASSERTIONS = NO;
				ENABLE_STRICT_OBJC_MSGSEND = YES;
				GCC_C_LANGUAGE_STANDARD = gnu11;
				GCC_NO_COMMON_BLOCKS = YES;
				GCC_WARN_64_TO_32_BIT_CONVERSION = YES;
				GCC_WARN_ABOUT_RETURN_TYPE = YES_ERROR;
				GCC_WARN_UNDECLARED_SELECTOR = YES;
				GCC_WARN_UNINITIALIZED_AUTOS = YES_AGGRESSIVE;
				GCC_WARN_UNUSED_FUNCTION = YES;
				GCC_WARN_UNUSED_VARIABLE = YES;
				IPHONEOS_DEPLOYMENT_TARGET = 13.0;
				MTL_ENABLE_DEBUG_INFO = NO;
				MTL_FAST_MATH = YES;
				SDKROOT = iphoneos;
				SWIFT_COMPILATION_MODE = wholemodule;
				SWIFT_OPTIMIZATION_LEVEL = "-O";
				VALIDATE_PRODUCT = YES;
			};
			name = Release;
		};
		CACC371B25F5261D00E51C29 /* Debug */ = {
			isa = XCBuildConfiguration;
			buildSettings = {
				ASSETCATALOG_COMPILER_APPICON_NAME = AppIcon;
				ASSETCATALOG_COMPILER_GLOBAL_ACCENT_COLOR_NAME = AccentColor;
				CODE_SIGN_ENTITLEMENTS = PafipiMDM/PafipiMDM.entitlements;
				CODE_SIGN_STYLE = Automatic;
				DEVELOPMENT_TEAM = 7RUQF55K7J;
				INFOPLIST_FILE = PafipiMDM/Info.plist;
				IPHONEOS_DEPLOYMENT_TARGET = 13.0;
				LD_RUNPATH_SEARCH_PATHS = (
					"$(inherited)",
					"@executable_path/Frameworks",
				);
				MARKETING_VERSION = 0.0.1;
				PRODUCT_BUNDLE_IDENTIFIER = com.pafipi.mdm;
				PRODUCT_NAME = "$(TARGET_NAME)";
				SWIFT_VERSION = 5.0;
				TARGETED_DEVICE_FAMILY = "1,2";
			};
			name = Debug;
		};
		CACC371C25F5261D00E51C29 /* Release */ = {
			isa = XCBuildConfiguration;
			buildSettings = {
				ASSETCATALOG_COMPILER_APPICON_NAME = AppIcon;
				ASSETCATALOG_COMPILER_GLOBAL_ACCENT_COLOR_NAME = AccentColor;
				CODE_SIGN_ENTITLEMENTS = PafipiMDM/PafipiMDM.entitlements;
				CODE_SIGN_STYLE = Automatic;
				DEVELOPMENT_TEAM = 7RUQF55K7J;
				INFOPLIST_FILE = PafipiMDM/Info.plist;
				IPHONEOS_DEPLOYMENT_TARGET = 13.0;
				LD_RUNPATH_SEARCH_PATHS = (
					"$(inherited)",
					"@executable_path/Frameworks",
				);
				MARKETING_VERSION = 0.0.1;
				PRODUCT_BUNDLE_IDENTIFIER = com.pafipi.mdm;
				PRODUCT_NAME = "$(TARGET_NAME)";
				SWIFT_VERSION = 5.0;
				TARGETED_DEVICE_FAMILY = "1,2";
			};
			name = Release;
		};
		CACC371E25F5261D00E51C29 /* Debug */ = {
			isa = XCBuildConfiguration;
			buildSettings = {
				ALWAYS_EMBED_SWIFT_STANDARD_LIBRARIES = YES;
				BUNDLE_LOADER = "$(TEST_HOST)";
				CODE_SIGN_STYLE = Automatic;
				DEVELOPMENT_TEAM = CK2H346J6A;
				INFOPLIST_FILE = PafipiMDMTests/Info.plist;
				IPHONEOS_DEPLOYMENT_TARGET = 14.4;
				LD_RUNPATH_SEARCH_PATHS = (
					"$(inherited)",
					"@executable_path/Frameworks",
					"@loader_path/Frameworks",
				);
				PRODUCT_BUNDLE_IDENTIFIER = com.pafipi.PafipiMDMTests;
				PRODUCT_NAME = "$(TARGET_NAME)";
				SWIFT_VERSION = 5.0;
				TARGETED_DEVICE_FAMILY = "1,2";
				TEST_HOST = "$(BUILT_PRODUCTS_DIR)/PafipiMDM.app/PafipiMDM";
			};
			name = Debug;
		};
		CACC371F25F5261D00E51C29 /* Release */ = {
			isa = XCBuildConfiguration;
			buildSettings = {
				ALWAYS_EMBED_SWIFT_STANDARD_LIBRARIES = YES;
				BUNDLE_LOADER = "$(TEST_HOST)";
				CODE_SIGN_STYLE = Automatic;
				DEVELOPMENT_TEAM = CK2H346J6A;
				INFOPLIST_FILE = PafipiMDMTests/Info.plist;
				IPHONEOS_DEPLOYMENT_TARGET = 14.4;
				LD_RUNPATH_SEARCH_PATHS = (
					"$(inherited)",
					"@executable_path/Frameworks",
					"@loader_path/Frameworks",
				);
				PRODUCT_BUNDLE_IDENTIFIER = com.pafipi.PafipiMDMTests;
				PRODUCT_NAME = "$(TARGET_NAME)";
				SWIFT_VERSION = 5.0;
				TARGETED_DEVICE_FAMILY = "1,2";
				TEST_HOST = "$(BUILT_PRODUCTS_DIR)/PafipiMDM.app/PafipiMDM";
			};
			name = Release;
		};
		CACC372125F5261D00E51C29 /* Debug */ = {
			isa = XCBuildConfiguration;
			buildSettings = {
				ALWAYS_EMBED_SWIFT_STANDARD_LIBRARIES = YES;
				CODE_SIGN_STYLE = Automatic;
				DEVELOPMENT_TEAM = CK2H346J6A;
				INFOPLIST_FILE = PafipiMDMUITests/Info.plist;
				LD_RUNPATH_SEARCH_PATHS = (
					"$(inherited)",
					"@executable_path/Frameworks",
					"@loader_path/Frameworks",
				);
				PRODUCT_BUNDLE_IDENTIFIER = com.pafipi.PafipiMDMUITests;
				PRODUCT_NAME = "$(TARGET_NAME)";
				SWIFT_VERSION = 5.0;
				TARGETED_DEVICE_FAMILY = "1,2";
				TEST_TARGET_NAME = PafipiMDM;
			};
			name = Debug;
		};
		CACC372225F5261D00E51C29 /* Release */ = {
			isa = XCBuildConfiguration;
			buildSettings = {
				ALWAYS_EMBED_SWIFT_STANDARD_LIBRARIES = YES;
				CODE_SIGN_STYLE = Automatic;
				DEVELOPMENT_TEAM = CK2H346J6A;
				INFOPLIST_FILE = PafipiMDMUITests/Info.plist;
				LD_RUNPATH_SEARCH_PATHS = (
					"$(inherited)",
					"@executable_path/Frameworks",
					"@loader_path/Frameworks",
				);
				PRODUCT_BUNDLE_IDENTIFIER = com.pafipi.PafipiMDMUITests;
				PRODUCT_NAME = "$(TARGET_NAME)";
				SWIFT_VERSION = 5.0;
				TARGETED_DEVICE_FAMILY = "1,2";
				TEST_TARGET_NAME = PafipiMDM;
			};
			name = Release;
		};
/* End XCBuildConfiguration section */

/* Begin XCConfigurationList section */
		CACC36EB25F5261B00E51C29 /* Build configuration list for PBXProject "PafipiMDM" */ = {
			isa = XCConfigurationList;
			buildConfigurations = (
				CACC371825F5261D00E51C29 /* Debug */,
				CACC371925F5261D00E51C29 /* Release */,
			);
			defaultConfigurationIsVisible = 0;
			defaultConfigurationName = Release;
		};
		CACC371A25F5261D00E51C29 /* Build configuration list for PBXNativeTarget "PafipiMDM" */ = {
			isa = XCConfigurationList;
			buildConfigurations = (
				CACC371B25F5261D00E51C29 /* Debug */,
				CACC371C25F5261D00E51C29 /* Release */,
			);
			defaultConfigurationIsVisible = 0;
			defaultConfigurationName = Release;
		};
		CACC371D25F5261D00E51C29 /* Build configuration list for PBXNativeTarget "PafipiMDMTests" */ = {
			isa = XCConfigurationList;
			buildConfigurations = (
				CACC371E25F5261D00E51C29 /* Debug */,
				CACC371F25F5261D00E51C29 /* Release */,
			);
			defaultConfigurationIsVisible = 0;
			defaultConfigurationName = Release;
		};
		CACC372025F5261D00E51C29 /* Build configuration list for PBXNativeTarget "PafipiMDMUITests" */ = {
			isa = XCConfigurationList;
			buildConfigurations = (
				CACC372125F5261D00E51C29 /* Debug */,
				CACC372225F5261D00E51C29 /* Release */,
			);
			defaultConfigurationIsVisible = 0;
			defaultConfigurationName = Release;
		};
/* End XCConfigurationList section */

/* Begin XCRemoteSwiftPackageReference section */
		CAAE1AB72607D4AE0048872D /* XCRemoteSwiftPackageReference "Resolver" */ = {
			isa = XCRemoteSwiftPackageReference;
			repositoryURL = "https://github.com/hmlongco/Resolver.git";
			requirement = {
				kind = upToNextMajorVersion;
				minimumVersion = 1.4.1;
			};
		};
/* End XCRemoteSwiftPackageReference section */

/* Begin XCSwiftPackageProductDependency section */
		CAAE1AB82607D4AE0048872D /* Resolver-Dynamic */ = {
			isa = XCSwiftPackageProductDependency;
			package = CAAE1AB72607D4AE0048872D /* XCRemoteSwiftPackageReference "Resolver" */;
			productName = "Resolver-Dynamic";
		};
/* End XCSwiftPackageProductDependency section */
	};
	rootObject = CACC36E825F5261B00E51C29 /* Project object */;
}
